
Microsoft Visual Studio Solution File, Format Version 12.00
# Visual Studio Version 17
VisualStudioVersion = 17.5.33627.172
MinimumVisualStudioVersion = 10.0.40219.1
Project("{FAE04EC0-301F-11D3-BF4B-00C04F79EFBC}") = "WinLinuxApp", "WinLinuxApp\WinLinuxApp.csproj", "{28AB98A6-361B-40BA-AA24-471AC4A52CB9}"
EndProject
Global
	GlobalSection(SolutionConfigurationPlatforms) = preSolution
		Debug|Any CPU = Debug|Any CPU
		Release|Any CPU = Release|Any CPU
	EndGlobalSection
	GlobalSection(ProjectConfigurationPlatforms) = postSolution
		{28AB98A6-361B-40BA-AA24-471AC4A52CB9}.Debug|Any CPU.ActiveCfg = Debug|Any CPU
		{28AB98A6-361B-40BA-AA24-471AC4A52CB9}.Debug|Any CPU.Build.0 = Debug|Any CPU
		{28AB98A6-361B-40BA-AA24-471AC4A52CB9}.Release|Any CPU.ActiveCfg = Release|Any CPU
		{28AB98A6-361B-40BA-AA24-471AC4A52CB9}.Release|Any CPU.Build.0 = Release|Any CPU
	EndGlobalSection
	GlobalSection(SolutionProperties) = preSolution
		HideSolutionNode = FALSE
	EndGlobalSection
	GlobalSection(ExtensibilityGlobals) = postSolution
		SolutionGuid = {E39B0920-3A94-47E8-B4F6-8CC6F8147272}
	EndGlobalSection
EndGlobal
